
Microsoft Visual Studio Solution File, Format Version 12.00
# Visual Studio Version 17
VisualStudioVersion = 17.3.32825.248
MinimumVisualStudioVersion = 10.0.40219.1
Project("{FAE04EC0-301F-11D3-BF4B-00C04F79EFBC}") = "todolistv1", "todolistv1\todolistv1.csproj", "{818D058B-51DF-4EAA-A7F3-935EBBCBD48A}"
EndProject
Global
	GlobalSection(SolutionConfigurationPlatforms) = preSolution
		Debug|Any CPU = Debug|Any CPU
		Release|Any CPU = Release|Any CPU
	EndGlobalSection
	GlobalSection(ProjectConfigurationPlatforms) = postSolution
		{818D058B-51DF-4EAA-A7F3-935EBBCBD48A}.Debug|Any CPU.ActiveCfg = Debug|Any CPU
		{818D058B-51DF-4EAA-A7F3-935EBBCBD48A}.Debug|Any CPU.Build.0 = Debug|Any CPU
		{818D058B-51DF-4EAA-A7F3-935EBBCBD48A}.Release|Any CPU.ActiveCfg = Release|Any CPU
		{818D058B-51DF-4EAA-A7F3-935EBBCBD48A}.Release|Any CPU.Build.0 = Release|Any CPU
	EndGlobalSection
	GlobalSection(SolutionProperties) = preSolution
		HideSolutionNode = FALSE
	EndGlobalSection
	GlobalSection(ExtensibilityGlobals) = postSolution
		SolutionGuid = {7F40928E-8A5F-4179-B239-FB8036698E09}
	EndGlobalSection
EndGlobal
